
Microsoft Visual Studio Solution File, Format Version 12.00
# Visual Studio Version 16
VisualStudioVersion = 16.0.29509.3
MinimumVisualStudioVersion = 10.0.40219.1
Project("{9A19103F-16F7-4668-BE54-9A1E7A4F7556}") = "AspNetAzureAdGroupsAuthorization", "AspNetAzureAdGroupsAuthorization\AspNetAzureAdGroupsAuthorization.csproj", "{C05A2E13-2272-4E0C-B0CB-6A9601C2A68B}"
EndProject
Global
	GlobalSection(SolutionConfigurationPlatforms) = preSolution
		Debug|Any CPU = Debug|Any CPU
		Release|Any CPU = Release|Any CPU
	EndGlobalSection
	GlobalSection(ProjectConfigurationPlatforms) = postSolution
		{C05A2E13-2272-4E0C-B0CB-6A9601C2A68B}.Debug|Any CPU.ActiveCfg = Debug|Any CPU
		{C05A2E13-2272-4E0C-B0CB-6A9601C2A68B}.Debug|Any CPU.Build.0 = Debug|Any CPU
		{C05A2E13-2272-4E0C-B0CB-6A9601C2A68B}.Release|Any CPU.ActiveCfg = Release|Any CPU
		{C05A2E13-2272-4E0C-B0CB-6A9601C2A68B}.Release|Any CPU.Build.0 = Release|Any CPU
	EndGlobalSection
	GlobalSection(SolutionProperties) = preSolution
		HideSolutionNode = FALSE
	EndGlobalSection
	GlobalSection(ExtensibilityGlobals) = postSolution
		SolutionGuid = {8FD19938-C8DE-4BDC-B61A-04F97DE29C6A}
	EndGlobalSection
EndGlobal
